
Microsoft Visual Studio Solution File, Format Version 12.00
# Visual Studio Version 16
VisualStudioVersion = 16.0.29613.14
MinimumVisualStudioVersion = 10.0.40219.1
Project("{9A19103F-16F7-4668-BE54-9A1E7A4F7556}") = "Ryujinx", "Ryujinx\Ryujinx.csproj", "{074045D4-3ED2-4711-9169-E385F2BFB5A0}"
EndProject
Project("{9A19103F-16F7-4668-BE54-9A1E7A4F7556}") = "Ryujinx.Tests", "Ryujinx.Tests\Ryujinx.Tests.csproj", "{EBB55AEA-C7D7-4DEB-BF96-FA1789E225E9}"
EndProject
Project("{9A19103F-16F7-4668-BE54-9A1E7A4F7556}") = "Ryujinx.Tests.Unicorn", "Ryujinx.Tests.Unicorn\Ryujinx.Tests.Unicorn.csproj", "{D8F72938-78EF-4E8C-BAFE-531C9C3C8F15}"
EndProject
Project("{9A19103F-16F7-4668-BE54-9A1E7A4F7556}") = "Ryujinx.HLE", "Ryujinx.HLE\Ryujinx.HLE.csproj", "{CB92CFF9-1D62-4D4F-9E88-8130EF61E351}"
EndProject
Project("{9A19103F-16F7-4668-BE54-9A1E7A4F7556}") = "Ryujinx.ShaderTools", "Ryujinx.ShaderTools\Ryujinx.ShaderTools.csproj", "{3AB294D0-2230-468F-9EB3-BDFCAEAE99A5}"
EndProject
Project("{9A19103F-16F7-4668-BE54-9A1E7A4F7556}") = "Ryujinx.Common", "Ryujinx.Common\Ryujinx.Common.csproj", "{5FD4E4F6-8928-4B3C-BE07-28A675C17226}"
EndProject
Project("{9A19103F-16F7-4668-BE54-9A1E7A4F7556}") = "ARMeilleure", "ARMeilleure\ARMeilleure.csproj", "{ABF09A5E-2D8B-4B6F-A51D-5CE414DDB15A}"
EndProject
Project("{9A19103F-16F7-4668-BE54-9A1E7A4F7556}") = "Ryujinx.Graphics.Gpu", "Ryujinx.Graphics.Gpu\Ryujinx.Graphics.Gpu.csproj", "{ADA7EA87-0D63-4D97-9433-922A2124401F}"
EndProject
Project("{9A19103F-16F7-4668-BE54-9A1E7A4F7556}") = "Ryujinx.Graphics.GAL", "Ryujinx.Graphics.GAL\Ryujinx.Graphics.GAL.csproj", "{A602AE97-91A5-4608-8DF1-EBF4ED7A0B9E}"
EndProject
Project("{9A19103F-16F7-4668-BE54-9A1E7A4F7556}") = "Ryujinx.Graphics.OpenGL", "Ryujinx.Graphics.OpenGL\Ryujinx.Graphics.OpenGL.csproj", "{9558FB96-075D-4219-8FFF-401979DC0B69}"
EndProject
Project("{9A19103F-16F7-4668-BE54-9A1E7A4F7556}") = "Ryujinx.Graphics.Texture", "Ryujinx.Graphics.Texture\Ryujinx.Graphics.Texture.csproj", "{E1B1AD28-289D-47B7-A106-326972240207}"
EndProject
Project("{9A19103F-16F7-4668-BE54-9A1E7A4F7556}") = "Ryujinx.Graphics.Shader", "Ryujinx.Graphics.Shader\Ryujinx.Graphics.Shader.csproj", "{03B955CD-AD84-4B93-AAA7-BF17923BBAA5}"
EndProject
Project("{9A19103F-16F7-4668-BE54-9A1E7A4F7556}") = "Ryujinx.Graphics.Nvdec", "Ryujinx.Graphics.Nvdec\Ryujinx.Graphics.Nvdec.csproj", "{85A0FA56-DC01-4A42-8808-70DAC76BD66D}"
EndProject
Project("{9A19103F-16F7-4668-BE54-9A1E7A4F7556}") = "Ryujinx.Audio", "Ryujinx.Audio\Ryujinx.Audio.csproj", "{806ACF6D-90B0-45D0-A1AC-5F220F3B3985}"
EndProject
Project("{2150E333-8FDC-42A3-9474-1A3956D46DE8}") = "Solution Items", "Solution Items", "{36F870C1-3E5F-485F-B426-F0645AF78751}"
	ProjectSection(SolutionItems) = preProject
		.editorconfig = .editorconfig
		appveyor.yml = appveyor.yml
	EndProjectSection
EndProject
Project("{9A19103F-16F7-4668-BE54-9A1E7A4F7556}") = "Ryujinx.Memory", "Ryujinx.Memory\Ryujinx.Memory.csproj", "{A5E6C691-9E22-4263-8F40-42F002CE66BE}"
EndProject
Project("{9A19103F-16F7-4668-BE54-9A1E7A4F7556}") = "Ryujinx.Memory.Tests", "Ryujinx.Memory.Tests\Ryujinx.Memory.Tests.csproj", "{D1CC5322-7325-4F6B-9625-194B30BE1296}"
EndProject
Project("{9A19103F-16F7-4668-BE54-9A1E7A4F7556}") = "Ryujinx.Cpu", "Ryujinx.Cpu\Ryujinx.Cpu.csproj", "{3DF35E3D-D844-4399-A9A1-A9E923264C17}"
EndProject
Project("{9A19103F-16F7-4668-BE54-9A1E7A4F7556}") = "Ryujinx.Graphics.Device", "Ryujinx.Graphics.Device\Ryujinx.Graphics.Device.csproj", "{C3002C3C-7B09-4FE7-894A-372EDA22FC6E}"
EndProject
Project("{9A19103F-16F7-4668-BE54-9A1E7A4F7556}") = "Ryujinx.Graphics.Host1x", "Ryujinx.Graphics.Host1x\Ryujinx.Graphics.Host1x.csproj", "{C35F1536-7DE5-4F9D-9604-B5B4E1561947}"
EndProject
Project("{9A19103F-16F7-4668-BE54-9A1E7A4F7556}") = "Ryujinx.Graphics.Nvdec.Vp9", "Ryujinx.Graphics.Nvdec.Vp9\Ryujinx.Graphics.Nvdec.Vp9.csproj", "{B9AECA11-E248-4886-A10B-81B631CAAF29}"
EndProject
Project("{9A19103F-16F7-4668-BE54-9A1E7A4F7556}") = "Ryujinx.Graphics.Vic", "Ryujinx.Graphics.Vic\Ryujinx.Graphics.Vic.csproj", "{81BB2C11-9408-4EA3-822E-42987AF54429}"
EndProject
Project("{9A19103F-16F7-4668-BE54-9A1E7A4F7556}") = "Ryujinx.Graphics.Nvdec.H264", "Ryujinx.Graphics.Nvdec.H264\Ryujinx.Graphics.Nvdec.H264.csproj", "{990F9601-343E-46CB-8529-B498FA761A92}"
EndProject
Project("{9A19103F-16F7-4668-BE54-9A1E7A4F7556}") = "Ryujinx.Graphics.Video", "Ryujinx.Graphics.Video\Ryujinx.Graphics.Video.csproj", "{FD4A2C14-8E3D-4957-ABBE-3C38897B3E2D}"
EndProject
Project("{9A19103F-16F7-4668-BE54-9A1E7A4F7556}") = "Ryujinx.Audio.Backends.OpenAL", "Ryujinx.Audio.Backends.OpenAL\Ryujinx.Audio.Backends.OpenAL.csproj", "{0BE11899-DF2D-4BDE-B9EE-2489E8D35E7D}"
EndProject
Project("{9A19103F-16F7-4668-BE54-9A1E7A4F7556}") = "Ryujinx.Audio.Backends.SoundIo", "Ryujinx.Audio.Backends.SoundIo\Ryujinx.Audio.Backends.SoundIo.csproj", "{716364DE-B988-41A6-BAB4-327964266ECC}"
EndProject
Global
	GlobalSection(SolutionConfigurationPlatforms) = preSolution
		Debug|Any CPU = Debug|Any CPU
		Release|Any CPU = Release|Any CPU
	EndGlobalSection
	GlobalSection(ProjectConfigurationPlatforms) = postSolution
		{074045D4-3ED2-4711-9169-E385F2BFB5A0}.Debug|Any CPU.ActiveCfg = Debug|Any CPU
		{074045D4-3ED2-4711-9169-E385F2BFB5A0}.Debug|Any CPU.Build.0 = Debug|Any CPU
		{074045D4-3ED2-4711-9169-E385F2BFB5A0}.Release|Any CPU.ActiveCfg = Release|Any CPU
		{074045D4-3ED2-4711-9169-E385F2BFB5A0}.Release|Any CPU.Build.0 = Release|Any CPU
		{EBB55AEA-C7D7-4DEB-BF96-FA1789E225E9}.Debug|Any CPU.ActiveCfg = Debug|Any CPU
		{EBB55AEA-C7D7-4DEB-BF96-FA1789E225E9}.Debug|Any CPU.Build.0 = Debug|Any CPU
		{EBB55AEA-C7D7-4DEB-BF96-FA1789E225E9}.Release|Any CPU.ActiveCfg = Release|Any CPU
		{EBB55AEA-C7D7-4DEB-BF96-FA1789E225E9}.Release|Any CPU.Build.0 = Release|Any CPU
		{D8F72938-78EF-4E8C-BAFE-531C9C3C8F15}.Debug|Any CPU.ActiveCfg = Debug|Any CPU
		{D8F72938-78EF-4E8C-BAFE-531C9C3C8F15}.Debug|Any CPU.Build.0 = Debug|Any CPU
		{D8F72938-78EF-4E8C-BAFE-531C9C3C8F15}.Release|Any CPU.ActiveCfg = Release|Any CPU
		{D8F72938-78EF-4E8C-BAFE-531C9C3C8F15}.Release|Any CPU.Build.0 = Release|Any CPU
		{CB92CFF9-1D62-4D4F-9E88-8130EF61E351}.Debug|Any CPU.ActiveCfg = Debug|Any CPU
		{CB92CFF9-1D62-4D4F-9E88-8130EF61E351}.Debug|Any CPU.Build.0 = Debug|Any CPU
		{CB92CFF9-1D62-4D4F-9E88-8130EF61E351}.Release|Any CPU.ActiveCfg = Release|Any CPU
		{CB92CFF9-1D62-4D4F-9E88-8130EF61E351}.Release|Any CPU.Build.0 = Release|Any CPU
		{3AB294D0-2230-468F-9EB3-BDFCAEAE99A5}.Debug|Any CPU.ActiveCfg = Debug|Any CPU
		{3AB294D0-2230-468F-9EB3-BDFCAEAE99A5}.Debug|Any CPU.Build.0 = Debug|Any CPU
		{3AB294D0-2230-468F-9EB3-BDFCAEAE99A5}.Release|Any CPU.ActiveCfg = Release|Any CPU
		{3AB294D0-2230-468F-9EB3-BDFCAEAE99A5}.Release|Any CPU.Build.0 = Release|Any CPU
		{5FD4E4F6-8928-4B3C-BE07-28A675C17226}.Debug|Any CPU.ActiveCfg = Debug|Any CPU
		{5FD4E4F6-8928-4B3C-BE07-28A675C17226}.Debug|Any CPU.Build.0 = Debug|Any CPU
		{5FD4E4F6-8928-4B3C-BE07-28A675C17226}.Release|Any CPU.ActiveCfg = Release|Any CPU
		{5FD4E4F6-8928-4B3C-BE07-28A675C17226}.Release|Any CPU.Build.0 = Release|Any CPU
		{ABF09A5E-2D8B-4B6F-A51D-5CE414DDB15A}.Debug|Any CPU.ActiveCfg = Debug|Any CPU
		{ABF09A5E-2D8B-4B6F-A51D-5CE414DDB15A}.Debug|Any CPU.Build.0 = Debug|Any CPU
		{ABF09A5E-2D8B-4B6F-A51D-5CE414DDB15A}.Release|Any CPU.ActiveCfg = Release|Any CPU
		{ABF09A5E-2D8B-4B6F-A51D-5CE414DDB15A}.Release|Any CPU.Build.0 = Release|Any CPU
		{ADA7EA87-0D63-4D97-9433-922A2124401F}.Debug|Any CPU.ActiveCfg = Debug|Any CPU
		{ADA7EA87-0D63-4D97-9433-922A2124401F}.Debug|Any CPU.Build.0 = Debug|Any CPU
		{ADA7EA87-0D63-4D97-9433-922A2124401F}.Release|Any CPU.ActiveCfg = Release|Any CPU
		{ADA7EA87-0D63-4D97-9433-922A2124401F}.Release|Any CPU.Build.0 = Release|Any CPU
		{A602AE97-91A5-4608-8DF1-EBF4ED7A0B9E}.Debug|Any CPU.ActiveCfg = Debug|Any CPU
		{A602AE97-91A5-4608-8DF1-EBF4ED7A0B9E}.Debug|Any CPU.Build.0 = Debug|Any CPU
		{A602AE97-91A5-4608-8DF1-EBF4ED7A0B9E}.Release|Any CPU.ActiveCfg = Release|Any CPU
		{A602AE97-91A5-4608-8DF1-EBF4ED7A0B9E}.Release|Any CPU.Build.0 = Release|Any CPU
		{9558FB96-075D-4219-8FFF-401979DC0B69}.Debug|Any CPU.ActiveCfg = Debug|Any CPU
		{9558FB96-075D-4219-8FFF-401979DC0B69}.Debug|Any CPU.Build.0 = Debug|Any CPU
		{9558FB96-075D-4219-8FFF-401979DC0B69}.Release|Any CPU.ActiveCfg = Release|Any CPU
		{9558FB96-075D-4219-8FFF-401979DC0B69}.Release|Any CPU.Build.0 = Release|Any CPU
		{E1B1AD28-289D-47B7-A106-326972240207}.Debug|Any CPU.ActiveCfg = Debug|Any CPU
		{E1B1AD28-289D-47B7-A106-326972240207}.Debug|Any CPU.Build.0 = Debug|Any CPU
		{E1B1AD28-289D-47B7-A106-326972240207}.Release|Any CPU.ActiveCfg = Release|Any CPU
		{E1B1AD28-289D-47B7-A106-326972240207}.Release|Any CPU.Build.0 = Release|Any CPU
		{03B955CD-AD84-4B93-AAA7-BF17923BBAA5}.Debug|Any CPU.ActiveCfg = Debug|Any CPU
		{03B955CD-AD84-4B93-AAA7-BF17923BBAA5}.Debug|Any CPU.Build.0 = Debug|Any CPU
		{03B955CD-AD84-4B93-AAA7-BF17923BBAA5}.Release|Any CPU.ActiveCfg = Release|Any CPU
		{03B955CD-AD84-4B93-AAA7-BF17923BBAA5}.Release|Any CPU.Build.0 = Release|Any CPU
		{85A0FA56-DC01-4A42-8808-70DAC76BD66D}.Debug|Any CPU.ActiveCfg = Debug|Any CPU
		{85A0FA56-DC01-4A42-8808-70DAC76BD66D}.Debug|Any CPU.Build.0 = Debug|Any CPU
		{85A0FA56-DC01-4A42-8808-70DAC76BD66D}.Release|Any CPU.ActiveCfg = Release|Any CPU
		{85A0FA56-DC01-4A42-8808-70DAC76BD66D}.Release|Any CPU.Build.0 = Release|Any CPU
		{806ACF6D-90B0-45D0-A1AC-5F220F3B3985}.Debug|Any CPU.ActiveCfg = Debug|Any CPU
		{806ACF6D-90B0-45D0-A1AC-5F220F3B3985}.Debug|Any CPU.Build.0 = Debug|Any CPU
		{806ACF6D-90B0-45D0-A1AC-5F220F3B3985}.Release|Any CPU.ActiveCfg = Release|Any CPU
		{806ACF6D-90B0-45D0-A1AC-5F220F3B3985}.Release|Any CPU.Build.0 = Release|Any CPU
		{A5E6C691-9E22-4263-8F40-42F002CE66BE}.Debug|Any CPU.ActiveCfg = Debug|Any CPU
		{A5E6C691-9E22-4263-8F40-42F002CE66BE}.Debug|Any CPU.Build.0 = Debug|Any CPU
		{A5E6C691-9E22-4263-8F40-42F002CE66BE}.Release|Any CPU.ActiveCfg = Release|Any CPU
		{A5E6C691-9E22-4263-8F40-42F002CE66BE}.Release|Any CPU.Build.0 = Release|Any CPU
		{D1CC5322-7325-4F6B-9625-194B30BE1296}.Debug|Any CPU.ActiveCfg = Debug|Any CPU
		{D1CC5322-7325-4F6B-9625-194B30BE1296}.Debug|Any CPU.Build.0 = Debug|Any CPU
		{D1CC5322-7325-4F6B-9625-194B30BE1296}.Release|Any CPU.ActiveCfg = Release|Any CPU
		{D1CC5322-7325-4F6B-9625-194B30BE1296}.Release|Any CPU.Build.0 = Release|Any CPU
		{3DF35E3D-D844-4399-A9A1-A9E923264C17}.Debug|Any CPU.ActiveCfg = Debug|Any CPU
		{3DF35E3D-D844-4399-A9A1-A9E923264C17}.Debug|Any CPU.Build.0 = Debug|Any CPU
		{3DF35E3D-D844-4399-A9A1-A9E923264C17}.Release|Any CPU.ActiveCfg = Release|Any CPU
		{3DF35E3D-D844-4399-A9A1-A9E923264C17}.Release|Any CPU.Build.0 = Release|Any CPU
		{C3002C3C-7B09-4FE7-894A-372EDA22FC6E}.Debug|Any CPU.ActiveCfg = Debug|Any CPU
		{C3002C3C-7B09-4FE7-894A-372EDA22FC6E}.Debug|Any CPU.Build.0 = Debug|Any CPU
		{C3002C3C-7B09-4FE7-894A-372EDA22FC6E}.Release|Any CPU.ActiveCfg = Release|Any CPU
		{C3002C3C-7B09-4FE7-894A-372EDA22FC6E}.Release|Any CPU.Build.0 = Release|Any CPU
		{C35F1536-7DE5-4F9D-9604-B5B4E1561947}.Debug|Any CPU.ActiveCfg = Debug|Any CPU
		{C35F1536-7DE5-4F9D-9604-B5B4E1561947}.Debug|Any CPU.Build.0 = Debug|Any CPU
		{C35F1536-7DE5-4F9D-9604-B5B4E1561947}.Release|Any CPU.ActiveCfg = Release|Any CPU
		{C35F1536-7DE5-4F9D-9604-B5B4E1561947}.Release|Any CPU.Build.0 = Release|Any CPU
		{B9AECA11-E248-4886-A10B-81B631CAAF29}.Debug|Any CPU.ActiveCfg = Debug|Any CPU
		{B9AECA11-E248-4886-A10B-81B631CAAF29}.Debug|Any CPU.Build.0 = Debug|Any CPU
		{B9AECA11-E248-4886-A10B-81B631CAAF29}.Release|Any CPU.ActiveCfg = Release|Any CPU
		{B9AECA11-E248-4886-A10B-81B631CAAF29}.Release|Any CPU.Build.0 = Release|Any CPU
		{81BB2C11-9408-4EA3-822E-42987AF54429}.Debug|Any CPU.ActiveCfg = Debug|Any CPU
		{81BB2C11-9408-4EA3-822E-42987AF54429}.Debug|Any CPU.Build.0 = Debug|Any CPU
		{81BB2C11-9408-4EA3-822E-42987AF54429}.Release|Any CPU.ActiveCfg = Release|Any CPU
		{81BB2C11-9408-4EA3-822E-42987AF54429}.Release|Any CPU.Build.0 = Release|Any CPU
		{990F9601-343E-46CB-8529-B498FA761A92}.Debug|Any CPU.ActiveCfg = Debug|Any CPU
		{990F9601-343E-46CB-8529-B498FA761A92}.Debug|Any CPU.Build.0 = Debug|Any CPU
		{990F9601-343E-46CB-8529-B498FA761A92}.Release|Any CPU.ActiveCfg = Release|Any CPU
		{990F9601-343E-46CB-8529-B498FA761A92}.Release|Any CPU.Build.0 = Release|Any CPU
		{FD4A2C14-8E3D-4957-ABBE-3C38897B3E2D}.Debug|Any CPU.ActiveCfg = Debug|Any CPU
		{FD4A2C14-8E3D-4957-ABBE-3C38897B3E2D}.Debug|Any CPU.Build.0 = Debug|Any CPU
		{FD4A2C14-8E3D-4957-ABBE-3C38897B3E2D}.Release|Any CPU.ActiveCfg = Release|Any CPU
		{FD4A2C14-8E3D-4957-ABBE-3C38897B3E2D}.Release|Any CPU.Build.0 = Release|Any CPU
		{0BE11899-DF2D-4BDE-B9EE-2489E8D35E7D}.Debug|Any CPU.ActiveCfg = Debug|Any CPU
		{0BE11899-DF2D-4BDE-B9EE-2489E8D35E7D}.Debug|Any CPU.Build.0 = Debug|Any CPU
		{0BE11899-DF2D-4BDE-B9EE-2489E8D35E7D}.Release|Any CPU.ActiveCfg = Release|Any CPU
		{0BE11899-DF2D-4BDE-B9EE-2489E8D35E7D}.Release|Any CPU.Build.0 = Release|Any CPU
		{716364DE-B988-41A6-BAB4-327964266ECC}.Debug|Any CPU.ActiveCfg = Debug|Any CPU
		{716364DE-B988-41A6-BAB4-327964266ECC}.Debug|Any CPU.Build.0 = Debug|Any CPU
		{716364DE-B988-41A6-BAB4-327964266ECC}.Release|Any CPU.ActiveCfg = Release|Any CPU
		{716364DE-B988-41A6-BAB4-327964266ECC}.Release|Any CPU.Build.0 = Release|Any CPU
	EndGlobalSection
	GlobalSection(SolutionProperties) = preSolution
		HideSolutionNode = FALSE
	EndGlobalSection
	GlobalSection(ExtensibilityGlobals) = postSolution
		SolutionGuid = {110169B3-3328-4730-8AB0-BA05BEF75C1A}
	EndGlobalSection
EndGlobal
