
Microsoft Visual Studio Solution File, Format Version 12.00
# Visual Studio 15
VisualStudioVersion = 15.0.26730.8
MinimumVisualStudioVersion = 10.0.40219.1
Project("{FAE04EC0-301F-11D3-BF4B-00C04F79EFBC}") = "Ryujinx", "Ryujinx\Ryujinx.csproj", "{074045D4-3ED2-4711-9169-E385F2BFB5A0}"
EndProject
Project("{FAE04EC0-301F-11D3-BF4B-00C04F79EFBC}") = "Ryujinx.Tests", "Ryujinx.Tests\Ryujinx.Tests.csproj", "{EBB55AEA-C7D7-4DEB-BF96-FA1789E225E9}"
EndProject
Global
	GlobalSection(SolutionConfigurationPlatforms) = preSolution
		Debug|Any CPU = Debug|Any CPU
		Release|Any CPU = Release|Any CPU
	EndGlobalSection
	GlobalSection(ProjectConfigurationPlatforms) = postSolution
		{074045D4-3ED2-4711-9169-E385F2BFB5A0}.Debug|Any CPU.ActiveCfg = Debug|Any CPU
		{074045D4-3ED2-4711-9169-E385F2BFB5A0}.Debug|Any CPU.Build.0 = Debug|Any CPU
		{074045D4-3ED2-4711-9169-E385F2BFB5A0}.Release|Any CPU.ActiveCfg = Release|Any CPU
		{074045D4-3ED2-4711-9169-E385F2BFB5A0}.Release|Any CPU.Build.0 = Release|Any CPU
		{EBB55AEA-C7D7-4DEB-BF96-FA1789E225E9}.Debug|Any CPU.ActiveCfg = Debug|Any CPU
		{EBB55AEA-C7D7-4DEB-BF96-FA1789E225E9}.Debug|Any CPU.Build.0 = Debug|Any CPU
		{EBB55AEA-C7D7-4DEB-BF96-FA1789E225E9}.Release|Any CPU.ActiveCfg = Release|Any CPU
		{EBB55AEA-C7D7-4DEB-BF96-FA1789E225E9}.Release|Any CPU.Build.0 = Release|Any CPU
	EndGlobalSection
	GlobalSection(SolutionProperties) = preSolution
		HideSolutionNode = FALSE
	EndGlobalSection
	GlobalSection(ExtensibilityGlobals) = postSolution
		SolutionGuid = {110169B3-3328-4730-8AB0-BA05BEF75C1A}
	EndGlobalSection
EndGlobal
